
Microsoft Visual Studio Solution File, Format Version 12.00
# Visual Studio Version 17
VisualStudioVersion = 17.0.31903.59
MinimumVisualStudioVersion = 10.0.40219.1
Project("{2150E333-8FDC-42A3-9474-1A3956D46DE8}") = "module1", "module1", "{AE10EA4E-422D-4E61-B5B1-B14E9BCF0213}"
EndProject
Project("{FAE04EC0-301F-11D3-BF4B-00C04F79EFBC}") = "mod1-ex1", "module1\mod1-ex1\mod1-ex1.csproj", "{D2B397EF-39F6-42E4-9CFD-8111502E8083}"
EndProject
Project("{FAE04EC0-301F-11D3-BF4B-00C04F79EFBC}") = "mod1-ex10", "module1\mod1-ex10\mod1-ex10.csproj", "{4F80AF87-E414-4851-A726-BB146AADC2DF}"
EndProject
Project("{FAE04EC0-301F-11D3-BF4B-00C04F79EFBC}") = "mod1-ex11", "module1\mod1-ex11\mod1-ex11.csproj", "{24FDD584-D529-4D39-BFF9-B78AFC4A5562}"
EndProject
Project("{FAE04EC0-301F-11D3-BF4B-00C04F79EFBC}") = "mod1-ex2", "module1\mod1-ex2\mod1-ex2.csproj", "{EC3DD772-32CD-41BF-A028-5205A3FEF804}"
EndProject
Project("{FAE04EC0-301F-11D3-BF4B-00C04F79EFBC}") = "mod1-ex3", "module1\mod1-ex3\mod1-ex3.csproj", "{C10348E9-7BC4-4752-89AE-2358823DFB29}"
EndProject
Project("{FAE04EC0-301F-11D3-BF4B-00C04F79EFBC}") = "mod1-ex4", "module1\mod1-ex4\mod1-ex4.csproj", "{CC9CFADC-FD6D-49CD-90F5-EA6989639509}"
EndProject
Project("{FAE04EC0-301F-11D3-BF4B-00C04F79EFBC}") = "mod1-ex5", "module1\mod1-ex5\mod1-ex5.csproj", "{C657ED66-0DD2-4363-AA63-0AA944DE29FA}"
EndProject
Project("{FAE04EC0-301F-11D3-BF4B-00C04F79EFBC}") = "mod1-ex6", "module1\mod1-ex6\mod1-ex6.csproj", "{D01E27AE-4654-4EF7-AE67-67961BB9E25E}"
EndProject
Project("{FAE04EC0-301F-11D3-BF4B-00C04F79EFBC}") = "mod1-ex7", "module1\mod1-ex7\mod1-ex7.csproj", "{9512FD52-B767-485F-887D-D78F1DF9A7E2}"
EndProject
Project("{FAE04EC0-301F-11D3-BF4B-00C04F79EFBC}") = "mod1-ex8", "module1\mod1-ex8\mod1-ex8.csproj", "{CE81FFB0-C62B-46EF-BBF3-1AB62F122DA4}"
EndProject
Project("{FAE04EC0-301F-11D3-BF4B-00C04F79EFBC}") = "mod1-ex9", "module1\mod1-ex9\mod1-ex9.csproj", "{11CAB64D-7D4C-47E8-86B2-CFF5AA1AFD05}"
EndProject
Project("{2150E333-8FDC-42A3-9474-1A3956D46DE8}") = "module2", "module2", "{80D4FE3C-7B5E-4D3F-9506-1342A5B7186E}"
EndProject
Project("{FAE04EC0-301F-11D3-BF4B-00C04F79EFBC}") = "mod2-ex1", "module2\mod2-ex1\mod2-ex1.csproj", "{57841893-1446-4DD8-8856-143EDE4ADF03}"
EndProject
Project("{FAE04EC0-301F-11D3-BF4B-00C04F79EFBC}") = "mod2-ex10", "module2\mod2-ex10\mod2-ex10.csproj", "{5F8C7CBB-707E-4357-B745-94E2CCC23342}"
EndProject
Project("{FAE04EC0-301F-11D3-BF4B-00C04F79EFBC}") = "mod2-ex2", "module2\mod2-ex2\mod2-ex2.csproj", "{AE4DDDBE-BDEE-4D53-A024-00AD2FDAB8D6}"
EndProject
Project("{FAE04EC0-301F-11D3-BF4B-00C04F79EFBC}") = "mod2-ex3", "module2\mod2-ex3\mod2-ex3.csproj", "{7C2B9734-FE8B-412C-ADD1-3505D7E110DB}"
EndProject
Project("{FAE04EC0-301F-11D3-BF4B-00C04F79EFBC}") = "mod2-ex4", "module2\mod2-ex4\mod2-ex4.csproj", "{6031B5EC-C2A5-43CC-85B0-4FC040B1E47A}"
EndProject
Project("{FAE04EC0-301F-11D3-BF4B-00C04F79EFBC}") = "mod2-ex5", "module2\mod2-ex5\mod2-ex5.csproj", "{490F651E-C5C2-42BE-8E0E-4D8EE1583031}"
EndProject
Project("{FAE04EC0-301F-11D3-BF4B-00C04F79EFBC}") = "mod2-ex6", "module2\mod2-ex6\mod2-ex6.csproj", "{676B7813-B357-492C-BF0F-FF699E0DE858}"
EndProject
Project("{FAE04EC0-301F-11D3-BF4B-00C04F79EFBC}") = "mod2-ex7", "module2\mod2-ex7\mod2-ex7.csproj", "{33F9B2F9-36D6-4693-B586-C3DFA0F85C7E}"
EndProject
Project("{FAE04EC0-301F-11D3-BF4B-00C04F79EFBC}") = "mod2-ex8", "module2\mod2-ex8\mod2-ex8.csproj", "{82CD704E-6081-47C3-844D-C1E890C518E8}"
EndProject
Project("{FAE04EC0-301F-11D3-BF4B-00C04F79EFBC}") = "mod2-ex9", "module2\mod2-ex9\mod2-ex9.csproj", "{3C624F7A-E580-48D6-BF1D-BB23DACD1D15}"
EndProject
Project("{2150E333-8FDC-42A3-9474-1A3956D46DE8}") = "module3", "module3", "{6C0C8626-4BC1-42C7-9934-F146DB956339}"
EndProject
Project("{FAE04EC0-301F-11D3-BF4B-00C04F79EFBC}") = "mod3-ex1", "module3\mod3-ex1\mod3-ex1.csproj", "{39B521FC-ABC6-45FB-BA9E-54A7E0D0DBEB}"
EndProject
Project("{FAE04EC0-301F-11D3-BF4B-00C04F79EFBC}") = "mod3-ex2", "module3\mod3-ex2\mod3-ex2.csproj", "{604D3116-1FBB-4ADD-9E68-2355E6A299BB}"
EndProject
Project("{FAE04EC0-301F-11D3-BF4B-00C04F79EFBC}") = "mod3-ex3", "module3\mod3-ex3\mod3-ex3.csproj", "{F90863C4-97AE-46B3-9C34-EB714292E47A}"
EndProject
Project("{FAE04EC0-301F-11D3-BF4B-00C04F79EFBC}") = "mod3-ex4", "module3\mod3-ex4\mod3-ex4.csproj", "{8D23B164-009B-4521-BDFF-1F07292B679E}"
EndProject
Project("{FAE04EC0-301F-11D3-BF4B-00C04F79EFBC}") = "mod3-ex6", "module3\mod3-ex6\mod3-ex6.csproj", "{6F17D211-C40A-405D-9948-2942965D28CE}"
EndProject
Project("{FAE04EC0-301F-11D3-BF4B-00C04F79EFBC}") = "mod3-ex7", "module3\mod3-ex7\mod3-ex7.csproj", "{83BC39BA-F648-4DD0-88D5-00D158D81F9C}"
EndProject
Project("{FAE04EC0-301F-11D3-BF4B-00C04F79EFBC}") = "mod3-ex8", "module3\mod3-ex8\mod3-ex8.csproj", "{5AC5858E-2EA1-45A4-999F-444959731B62}"
EndProject
Project("{2150E333-8FDC-42A3-9474-1A3956D46DE8}") = "module4", "module4", "{378C9CF2-DBC6-44C1-A3BB-3DD8A83EF717}"
EndProject
Project("{FAE04EC0-301F-11D3-BF4B-00C04F79EFBC}") = "mod4-pendu", "module4\mod4-pendu\mod4-pendu.csproj", "{F4F04BB9-6AA8-41EE-B091-030C336C4119}"
EndProject
Project("{2150E333-8FDC-42A3-9474-1A3956D46DE8}") = "module5", "module5", "{70B335B7-8C4D-4FFD-8A68-340E955ABE49}"
EndProject
Project("{FAE04EC0-301F-11D3-BF4B-00C04F79EFBC}") = "server", "module5\server\server.csproj", "{7E7FEEC6-787D-4C64-8DAC-06912BEFCBF8}"
EndProject
Project("{FAE04EC0-301F-11D3-BF4B-00C04F79EFBC}") = "client", "module5\client\client.csproj", "{E3B4087B-DE13-45EA-AEC7-C97A7CD92E89}"
EndProject
Project("{2150E333-8FDC-42A3-9474-1A3956D46DE8}") = "tp2", "tp2", "{8CD4D9F3-5BA4-4C85-A25A-B5CA0067D3CD}"
EndProject
Project("{FAE04EC0-301F-11D3-BF4B-00C04F79EFBC}") = "server", "module5\tp2\server\server.csproj", "{470F7827-C40B-4E44-98CB-82ED211DBB8F}"
EndProject
Project("{FAE04EC0-301F-11D3-BF4B-00C04F79EFBC}") = "client", "module5\tp2\client\client.csproj", "{2CCF1677-6574-4B45-96FE-0E22D7E37015}"
EndProject
Project("{2150E333-8FDC-42A3-9474-1A3956D46DE8}") = "module6", "module6", "{E7281563-3D30-4EE7-BB6F-65329690E82A}"
EndProject
Project("{FAE04EC0-301F-11D3-BF4B-00C04F79EFBC}") = "mod6-ex1", "module6\mod6-ex1\mod6-ex1.csproj", "{344DD6BE-A75D-47A1-87A8-D6925952D5D9}"
EndProject
Project("{FAE04EC0-301F-11D3-BF4B-00C04F79EFBC}") = "mod6-ex2", "module6\mod6-ex2\mod6-ex2.csproj", "{71435111-2559-48FF-AB18-05B61302FAA2}"
EndProject
Project("{FAE04EC0-301F-11D3-BF4B-00C04F79EFBC}") = "mod6-ex3", "module6\mod6-ex3\mod6-ex3.csproj", "{0D880444-9C85-49B0-B0E9-8BE300887253}"
EndProject
Project("{2150E333-8FDC-42A3-9474-1A3956D46DE8}") = "module7", "module7", "{0C5D2032-CF9D-4D5A-A67A-C56D641F65C6}"
EndProject
Project("{FAE04EC0-301F-11D3-BF4B-00C04F79EFBC}") = "mod7-ex1", "module7\mod7-ex1\mod7-ex1.csproj", "{95A68B30-241F-451F-8F38-71A8C19D4EBD}"
EndProject
Global
	GlobalSection(SolutionConfigurationPlatforms) = preSolution
		Debug|Any CPU = Debug|Any CPU
		Release|Any CPU = Release|Any CPU
	EndGlobalSection
	GlobalSection(ProjectConfigurationPlatforms) = postSolution
		{D2B397EF-39F6-42E4-9CFD-8111502E8083}.Debug|Any CPU.ActiveCfg = Debug|Any CPU
		{D2B397EF-39F6-42E4-9CFD-8111502E8083}.Debug|Any CPU.Build.0 = Debug|Any CPU
		{D2B397EF-39F6-42E4-9CFD-8111502E8083}.Release|Any CPU.ActiveCfg = Release|Any CPU
		{D2B397EF-39F6-42E4-9CFD-8111502E8083}.Release|Any CPU.Build.0 = Release|Any CPU
		{4F80AF87-E414-4851-A726-BB146AADC2DF}.Debug|Any CPU.ActiveCfg = Debug|Any CPU
		{4F80AF87-E414-4851-A726-BB146AADC2DF}.Debug|Any CPU.Build.0 = Debug|Any CPU
		{4F80AF87-E414-4851-A726-BB146AADC2DF}.Release|Any CPU.ActiveCfg = Release|Any CPU
		{4F80AF87-E414-4851-A726-BB146AADC2DF}.Release|Any CPU.Build.0 = Release|Any CPU
		{24FDD584-D529-4D39-BFF9-B78AFC4A5562}.Debug|Any CPU.ActiveCfg = Debug|Any CPU
		{24FDD584-D529-4D39-BFF9-B78AFC4A5562}.Debug|Any CPU.Build.0 = Debug|Any CPU
		{24FDD584-D529-4D39-BFF9-B78AFC4A5562}.Release|Any CPU.ActiveCfg = Release|Any CPU
		{24FDD584-D529-4D39-BFF9-B78AFC4A5562}.Release|Any CPU.Build.0 = Release|Any CPU
		{EC3DD772-32CD-41BF-A028-5205A3FEF804}.Debug|Any CPU.ActiveCfg = Debug|Any CPU
		{EC3DD772-32CD-41BF-A028-5205A3FEF804}.Debug|Any CPU.Build.0 = Debug|Any CPU
		{EC3DD772-32CD-41BF-A028-5205A3FEF804}.Release|Any CPU.ActiveCfg = Release|Any CPU
		{EC3DD772-32CD-41BF-A028-5205A3FEF804}.Release|Any CPU.Build.0 = Release|Any CPU
		{C10348E9-7BC4-4752-89AE-2358823DFB29}.Debug|Any CPU.ActiveCfg = Debug|Any CPU
		{C10348E9-7BC4-4752-89AE-2358823DFB29}.Debug|Any CPU.Build.0 = Debug|Any CPU
		{C10348E9-7BC4-4752-89AE-2358823DFB29}.Release|Any CPU.ActiveCfg = Release|Any CPU
		{C10348E9-7BC4-4752-89AE-2358823DFB29}.Release|Any CPU.Build.0 = Release|Any CPU
		{CC9CFADC-FD6D-49CD-90F5-EA6989639509}.Debug|Any CPU.ActiveCfg = Debug|Any CPU
		{CC9CFADC-FD6D-49CD-90F5-EA6989639509}.Debug|Any CPU.Build.0 = Debug|Any CPU
		{CC9CFADC-FD6D-49CD-90F5-EA6989639509}.Release|Any CPU.ActiveCfg = Release|Any CPU
		{CC9CFADC-FD6D-49CD-90F5-EA6989639509}.Release|Any CPU.Build.0 = Release|Any CPU
		{C657ED66-0DD2-4363-AA63-0AA944DE29FA}.Debug|Any CPU.ActiveCfg = Debug|Any CPU
		{C657ED66-0DD2-4363-AA63-0AA944DE29FA}.Debug|Any CPU.Build.0 = Debug|Any CPU
		{C657ED66-0DD2-4363-AA63-0AA944DE29FA}.Release|Any CPU.ActiveCfg = Release|Any CPU
		{C657ED66-0DD2-4363-AA63-0AA944DE29FA}.Release|Any CPU.Build.0 = Release|Any CPU
		{D01E27AE-4654-4EF7-AE67-67961BB9E25E}.Debug|Any CPU.ActiveCfg = Debug|Any CPU
		{D01E27AE-4654-4EF7-AE67-67961BB9E25E}.Debug|Any CPU.Build.0 = Debug|Any CPU
		{D01E27AE-4654-4EF7-AE67-67961BB9E25E}.Release|Any CPU.ActiveCfg = Release|Any CPU
		{D01E27AE-4654-4EF7-AE67-67961BB9E25E}.Release|Any CPU.Build.0 = Release|Any CPU
		{9512FD52-B767-485F-887D-D78F1DF9A7E2}.Debug|Any CPU.ActiveCfg = Debug|Any CPU
		{9512FD52-B767-485F-887D-D78F1DF9A7E2}.Debug|Any CPU.Build.0 = Debug|Any CPU
		{9512FD52-B767-485F-887D-D78F1DF9A7E2}.Release|Any CPU.ActiveCfg = Release|Any CPU
		{9512FD52-B767-485F-887D-D78F1DF9A7E2}.Release|Any CPU.Build.0 = Release|Any CPU
		{CE81FFB0-C62B-46EF-BBF3-1AB62F122DA4}.Debug|Any CPU.ActiveCfg = Debug|Any CPU
		{CE81FFB0-C62B-46EF-BBF3-1AB62F122DA4}.Debug|Any CPU.Build.0 = Debug|Any CPU
		{CE81FFB0-C62B-46EF-BBF3-1AB62F122DA4}.Release|Any CPU.ActiveCfg = Release|Any CPU
		{CE81FFB0-C62B-46EF-BBF3-1AB62F122DA4}.Release|Any CPU.Build.0 = Release|Any CPU
		{11CAB64D-7D4C-47E8-86B2-CFF5AA1AFD05}.Debug|Any CPU.ActiveCfg = Debug|Any CPU
		{11CAB64D-7D4C-47E8-86B2-CFF5AA1AFD05}.Debug|Any CPU.Build.0 = Debug|Any CPU
		{11CAB64D-7D4C-47E8-86B2-CFF5AA1AFD05}.Release|Any CPU.ActiveCfg = Release|Any CPU
		{11CAB64D-7D4C-47E8-86B2-CFF5AA1AFD05}.Release|Any CPU.Build.0 = Release|Any CPU
		{57841893-1446-4DD8-8856-143EDE4ADF03}.Debug|Any CPU.ActiveCfg = Debug|Any CPU
		{57841893-1446-4DD8-8856-143EDE4ADF03}.Debug|Any CPU.Build.0 = Debug|Any CPU
		{57841893-1446-4DD8-8856-143EDE4ADF03}.Release|Any CPU.ActiveCfg = Release|Any CPU
		{57841893-1446-4DD8-8856-143EDE4ADF03}.Release|Any CPU.Build.0 = Release|Any CPU
		{5F8C7CBB-707E-4357-B745-94E2CCC23342}.Debug|Any CPU.ActiveCfg = Debug|Any CPU
		{5F8C7CBB-707E-4357-B745-94E2CCC23342}.Debug|Any CPU.Build.0 = Debug|Any CPU
		{5F8C7CBB-707E-4357-B745-94E2CCC23342}.Release|Any CPU.ActiveCfg = Release|Any CPU
		{5F8C7CBB-707E-4357-B745-94E2CCC23342}.Release|Any CPU.Build.0 = Release|Any CPU
		{AE4DDDBE-BDEE-4D53-A024-00AD2FDAB8D6}.Debug|Any CPU.ActiveCfg = Debug|Any CPU
		{AE4DDDBE-BDEE-4D53-A024-00AD2FDAB8D6}.Debug|Any CPU.Build.0 = Debug|Any CPU
		{AE4DDDBE-BDEE-4D53-A024-00AD2FDAB8D6}.Release|Any CPU.ActiveCfg = Release|Any CPU
		{AE4DDDBE-BDEE-4D53-A024-00AD2FDAB8D6}.Release|Any CPU.Build.0 = Release|Any CPU
		{7C2B9734-FE8B-412C-ADD1-3505D7E110DB}.Debug|Any CPU.ActiveCfg = Debug|Any CPU
		{7C2B9734-FE8B-412C-ADD1-3505D7E110DB}.Debug|Any CPU.Build.0 = Debug|Any CPU
		{7C2B9734-FE8B-412C-ADD1-3505D7E110DB}.Release|Any CPU.ActiveCfg = Release|Any CPU
		{7C2B9734-FE8B-412C-ADD1-3505D7E110DB}.Release|Any CPU.Build.0 = Release|Any CPU
		{6031B5EC-C2A5-43CC-85B0-4FC040B1E47A}.Debug|Any CPU.ActiveCfg = Debug|Any CPU
		{6031B5EC-C2A5-43CC-85B0-4FC040B1E47A}.Debug|Any CPU.Build.0 = Debug|Any CPU
		{6031B5EC-C2A5-43CC-85B0-4FC040B1E47A}.Release|Any CPU.ActiveCfg = Release|Any CPU
		{6031B5EC-C2A5-43CC-85B0-4FC040B1E47A}.Release|Any CPU.Build.0 = Release|Any CPU
		{490F651E-C5C2-42BE-8E0E-4D8EE1583031}.Debug|Any CPU.ActiveCfg = Debug|Any CPU
		{490F651E-C5C2-42BE-8E0E-4D8EE1583031}.Debug|Any CPU.Build.0 = Debug|Any CPU
		{490F651E-C5C2-42BE-8E0E-4D8EE1583031}.Release|Any CPU.ActiveCfg = Release|Any CPU
		{490F651E-C5C2-42BE-8E0E-4D8EE1583031}.Release|Any CPU.Build.0 = Release|Any CPU
		{676B7813-B357-492C-BF0F-FF699E0DE858}.Debug|Any CPU.ActiveCfg = Debug|Any CPU
		{676B7813-B357-492C-BF0F-FF699E0DE858}.Debug|Any CPU.Build.0 = Debug|Any CPU
		{676B7813-B357-492C-BF0F-FF699E0DE858}.Release|Any CPU.ActiveCfg = Release|Any CPU
		{676B7813-B357-492C-BF0F-FF699E0DE858}.Release|Any CPU.Build.0 = Release|Any CPU
		{33F9B2F9-36D6-4693-B586-C3DFA0F85C7E}.Debug|Any CPU.ActiveCfg = Debug|Any CPU
		{33F9B2F9-36D6-4693-B586-C3DFA0F85C7E}.Debug|Any CPU.Build.0 = Debug|Any CPU
		{33F9B2F9-36D6-4693-B586-C3DFA0F85C7E}.Release|Any CPU.ActiveCfg = Release|Any CPU
		{33F9B2F9-36D6-4693-B586-C3DFA0F85C7E}.Release|Any CPU.Build.0 = Release|Any CPU
		{82CD704E-6081-47C3-844D-C1E890C518E8}.Debug|Any CPU.ActiveCfg = Debug|Any CPU
		{82CD704E-6081-47C3-844D-C1E890C518E8}.Debug|Any CPU.Build.0 = Debug|Any CPU
		{82CD704E-6081-47C3-844D-C1E890C518E8}.Release|Any CPU.ActiveCfg = Release|Any CPU
		{82CD704E-6081-47C3-844D-C1E890C518E8}.Release|Any CPU.Build.0 = Release|Any CPU
		{3C624F7A-E580-48D6-BF1D-BB23DACD1D15}.Debug|Any CPU.ActiveCfg = Debug|Any CPU
		{3C624F7A-E580-48D6-BF1D-BB23DACD1D15}.Debug|Any CPU.Build.0 = Debug|Any CPU
		{3C624F7A-E580-48D6-BF1D-BB23DACD1D15}.Release|Any CPU.ActiveCfg = Release|Any CPU
		{3C624F7A-E580-48D6-BF1D-BB23DACD1D15}.Release|Any CPU.Build.0 = Release|Any CPU
		{39B521FC-ABC6-45FB-BA9E-54A7E0D0DBEB}.Debug|Any CPU.ActiveCfg = Debug|Any CPU
		{39B521FC-ABC6-45FB-BA9E-54A7E0D0DBEB}.Debug|Any CPU.Build.0 = Debug|Any CPU
		{39B521FC-ABC6-45FB-BA9E-54A7E0D0DBEB}.Release|Any CPU.ActiveCfg = Release|Any CPU
		{39B521FC-ABC6-45FB-BA9E-54A7E0D0DBEB}.Release|Any CPU.Build.0 = Release|Any CPU
		{604D3116-1FBB-4ADD-9E68-2355E6A299BB}.Debug|Any CPU.ActiveCfg = Debug|Any CPU
		{604D3116-1FBB-4ADD-9E68-2355E6A299BB}.Debug|Any CPU.Build.0 = Debug|Any CPU
		{604D3116-1FBB-4ADD-9E68-2355E6A299BB}.Release|Any CPU.ActiveCfg = Release|Any CPU
		{604D3116-1FBB-4ADD-9E68-2355E6A299BB}.Release|Any CPU.Build.0 = Release|Any CPU
		{F90863C4-97AE-46B3-9C34-EB714292E47A}.Debug|Any CPU.ActiveCfg = Debug|Any CPU
		{F90863C4-97AE-46B3-9C34-EB714292E47A}.Debug|Any CPU.Build.0 = Debug|Any CPU
		{F90863C4-97AE-46B3-9C34-EB714292E47A}.Release|Any CPU.ActiveCfg = Release|Any CPU
		{F90863C4-97AE-46B3-9C34-EB714292E47A}.Release|Any CPU.Build.0 = Release|Any CPU
		{8D23B164-009B-4521-BDFF-1F07292B679E}.Debug|Any CPU.ActiveCfg = Debug|Any CPU
		{8D23B164-009B-4521-BDFF-1F07292B679E}.Debug|Any CPU.Build.0 = Debug|Any CPU
		{8D23B164-009B-4521-BDFF-1F07292B679E}.Release|Any CPU.ActiveCfg = Release|Any CPU
		{8D23B164-009B-4521-BDFF-1F07292B679E}.Release|Any CPU.Build.0 = Release|Any CPU
		{6F17D211-C40A-405D-9948-2942965D28CE}.Debug|Any CPU.ActiveCfg = Debug|Any CPU
		{6F17D211-C40A-405D-9948-2942965D28CE}.Debug|Any CPU.Build.0 = Debug|Any CPU
		{6F17D211-C40A-405D-9948-2942965D28CE}.Release|Any CPU.ActiveCfg = Release|Any CPU
		{6F17D211-C40A-405D-9948-2942965D28CE}.Release|Any CPU.Build.0 = Release|Any CPU
		{83BC39BA-F648-4DD0-88D5-00D158D81F9C}.Debug|Any CPU.ActiveCfg = Debug|Any CPU
		{83BC39BA-F648-4DD0-88D5-00D158D81F9C}.Debug|Any CPU.Build.0 = Debug|Any CPU
		{83BC39BA-F648-4DD0-88D5-00D158D81F9C}.Release|Any CPU.ActiveCfg = Release|Any CPU
		{83BC39BA-F648-4DD0-88D5-00D158D81F9C}.Release|Any CPU.Build.0 = Release|Any CPU
		{5AC5858E-2EA1-45A4-999F-444959731B62}.Debug|Any CPU.ActiveCfg = Debug|Any CPU
		{5AC5858E-2EA1-45A4-999F-444959731B62}.Debug|Any CPU.Build.0 = Debug|Any CPU
		{5AC5858E-2EA1-45A4-999F-444959731B62}.Release|Any CPU.ActiveCfg = Release|Any CPU
		{5AC5858E-2EA1-45A4-999F-444959731B62}.Release|Any CPU.Build.0 = Release|Any CPU
		{F4F04BB9-6AA8-41EE-B091-030C336C4119}.Debug|Any CPU.ActiveCfg = Debug|Any CPU
		{F4F04BB9-6AA8-41EE-B091-030C336C4119}.Debug|Any CPU.Build.0 = Debug|Any CPU
		{F4F04BB9-6AA8-41EE-B091-030C336C4119}.Release|Any CPU.ActiveCfg = Release|Any CPU
		{F4F04BB9-6AA8-41EE-B091-030C336C4119}.Release|Any CPU.Build.0 = Release|Any CPU
		{7E7FEEC6-787D-4C64-8DAC-06912BEFCBF8}.Debug|Any CPU.ActiveCfg = Debug|Any CPU
		{7E7FEEC6-787D-4C64-8DAC-06912BEFCBF8}.Debug|Any CPU.Build.0 = Debug|Any CPU
		{7E7FEEC6-787D-4C64-8DAC-06912BEFCBF8}.Release|Any CPU.ActiveCfg = Release|Any CPU
		{7E7FEEC6-787D-4C64-8DAC-06912BEFCBF8}.Release|Any CPU.Build.0 = Release|Any CPU
		{E3B4087B-DE13-45EA-AEC7-C97A7CD92E89}.Debug|Any CPU.ActiveCfg = Debug|Any CPU
		{E3B4087B-DE13-45EA-AEC7-C97A7CD92E89}.Debug|Any CPU.Build.0 = Debug|Any CPU
		{E3B4087B-DE13-45EA-AEC7-C97A7CD92E89}.Release|Any CPU.ActiveCfg = Release|Any CPU
		{E3B4087B-DE13-45EA-AEC7-C97A7CD92E89}.Release|Any CPU.Build.0 = Release|Any CPU
		{470F7827-C40B-4E44-98CB-82ED211DBB8F}.Debug|Any CPU.ActiveCfg = Debug|Any CPU
		{470F7827-C40B-4E44-98CB-82ED211DBB8F}.Debug|Any CPU.Build.0 = Debug|Any CPU
		{470F7827-C40B-4E44-98CB-82ED211DBB8F}.Release|Any CPU.ActiveCfg = Release|Any CPU
		{470F7827-C40B-4E44-98CB-82ED211DBB8F}.Release|Any CPU.Build.0 = Release|Any CPU
		{2CCF1677-6574-4B45-96FE-0E22D7E37015}.Debug|Any CPU.ActiveCfg = Debug|Any CPU
		{2CCF1677-6574-4B45-96FE-0E22D7E37015}.Debug|Any CPU.Build.0 = Debug|Any CPU
		{2CCF1677-6574-4B45-96FE-0E22D7E37015}.Release|Any CPU.ActiveCfg = Release|Any CPU
		{2CCF1677-6574-4B45-96FE-0E22D7E37015}.Release|Any CPU.Build.0 = Release|Any CPU
		{344DD6BE-A75D-47A1-87A8-D6925952D5D9}.Debug|Any CPU.ActiveCfg = Debug|Any CPU
		{344DD6BE-A75D-47A1-87A8-D6925952D5D9}.Debug|Any CPU.Build.0 = Debug|Any CPU
		{344DD6BE-A75D-47A1-87A8-D6925952D5D9}.Release|Any CPU.ActiveCfg = Release|Any CPU
		{344DD6BE-A75D-47A1-87A8-D6925952D5D9}.Release|Any CPU.Build.0 = Release|Any CPU
		{71435111-2559-48FF-AB18-05B61302FAA2}.Debug|Any CPU.ActiveCfg = Debug|Any CPU
		{71435111-2559-48FF-AB18-05B61302FAA2}.Debug|Any CPU.Build.0 = Debug|Any CPU
		{71435111-2559-48FF-AB18-05B61302FAA2}.Release|Any CPU.ActiveCfg = Release|Any CPU
		{71435111-2559-48FF-AB18-05B61302FAA2}.Release|Any CPU.Build.0 = Release|Any CPU
		{0D880444-9C85-49B0-B0E9-8BE300887253}.Debug|Any CPU.ActiveCfg = Debug|Any CPU
		{0D880444-9C85-49B0-B0E9-8BE300887253}.Debug|Any CPU.Build.0 = Debug|Any CPU
		{0D880444-9C85-49B0-B0E9-8BE300887253}.Release|Any CPU.ActiveCfg = Release|Any CPU
		{0D880444-9C85-49B0-B0E9-8BE300887253}.Release|Any CPU.Build.0 = Release|Any CPU
		{95A68B30-241F-451F-8F38-71A8C19D4EBD}.Debug|Any CPU.ActiveCfg = Debug|Any CPU
		{95A68B30-241F-451F-8F38-71A8C19D4EBD}.Debug|Any CPU.Build.0 = Debug|Any CPU
		{95A68B30-241F-451F-8F38-71A8C19D4EBD}.Release|Any CPU.ActiveCfg = Release|Any CPU
		{95A68B30-241F-451F-8F38-71A8C19D4EBD}.Release|Any CPU.Build.0 = Release|Any CPU
	EndGlobalSection
	GlobalSection(SolutionProperties) = preSolution
		HideSolutionNode = FALSE
	EndGlobalSection
	GlobalSection(NestedProjects) = preSolution
		{D2B397EF-39F6-42E4-9CFD-8111502E8083} = {AE10EA4E-422D-4E61-B5B1-B14E9BCF0213}
		{4F80AF87-E414-4851-A726-BB146AADC2DF} = {AE10EA4E-422D-4E61-B5B1-B14E9BCF0213}
		{24FDD584-D529-4D39-BFF9-B78AFC4A5562} = {AE10EA4E-422D-4E61-B5B1-B14E9BCF0213}
		{EC3DD772-32CD-41BF-A028-5205A3FEF804} = {AE10EA4E-422D-4E61-B5B1-B14E9BCF0213}
		{C10348E9-7BC4-4752-89AE-2358823DFB29} = {AE10EA4E-422D-4E61-B5B1-B14E9BCF0213}
		{CC9CFADC-FD6D-49CD-90F5-EA6989639509} = {AE10EA4E-422D-4E61-B5B1-B14E9BCF0213}
		{C657ED66-0DD2-4363-AA63-0AA944DE29FA} = {AE10EA4E-422D-4E61-B5B1-B14E9BCF0213}
		{D01E27AE-4654-4EF7-AE67-67961BB9E25E} = {AE10EA4E-422D-4E61-B5B1-B14E9BCF0213}
		{9512FD52-B767-485F-887D-D78F1DF9A7E2} = {AE10EA4E-422D-4E61-B5B1-B14E9BCF0213}
		{CE81FFB0-C62B-46EF-BBF3-1AB62F122DA4} = {AE10EA4E-422D-4E61-B5B1-B14E9BCF0213}
		{11CAB64D-7D4C-47E8-86B2-CFF5AA1AFD05} = {AE10EA4E-422D-4E61-B5B1-B14E9BCF0213}
		{57841893-1446-4DD8-8856-143EDE4ADF03} = {80D4FE3C-7B5E-4D3F-9506-1342A5B7186E}
		{5F8C7CBB-707E-4357-B745-94E2CCC23342} = {80D4FE3C-7B5E-4D3F-9506-1342A5B7186E}
		{AE4DDDBE-BDEE-4D53-A024-00AD2FDAB8D6} = {80D4FE3C-7B5E-4D3F-9506-1342A5B7186E}
		{7C2B9734-FE8B-412C-ADD1-3505D7E110DB} = {80D4FE3C-7B5E-4D3F-9506-1342A5B7186E}
		{6031B5EC-C2A5-43CC-85B0-4FC040B1E47A} = {80D4FE3C-7B5E-4D3F-9506-1342A5B7186E}
		{490F651E-C5C2-42BE-8E0E-4D8EE1583031} = {80D4FE3C-7B5E-4D3F-9506-1342A5B7186E}
		{676B7813-B357-492C-BF0F-FF699E0DE858} = {80D4FE3C-7B5E-4D3F-9506-1342A5B7186E}
		{33F9B2F9-36D6-4693-B586-C3DFA0F85C7E} = {80D4FE3C-7B5E-4D3F-9506-1342A5B7186E}
		{82CD704E-6081-47C3-844D-C1E890C518E8} = {80D4FE3C-7B5E-4D3F-9506-1342A5B7186E}
		{3C624F7A-E580-48D6-BF1D-BB23DACD1D15} = {80D4FE3C-7B5E-4D3F-9506-1342A5B7186E}
		{39B521FC-ABC6-45FB-BA9E-54A7E0D0DBEB} = {6C0C8626-4BC1-42C7-9934-F146DB956339}
		{604D3116-1FBB-4ADD-9E68-2355E6A299BB} = {6C0C8626-4BC1-42C7-9934-F146DB956339}
		{F90863C4-97AE-46B3-9C34-EB714292E47A} = {6C0C8626-4BC1-42C7-9934-F146DB956339}
		{8D23B164-009B-4521-BDFF-1F07292B679E} = {6C0C8626-4BC1-42C7-9934-F146DB956339}
		{6F17D211-C40A-405D-9948-2942965D28CE} = {6C0C8626-4BC1-42C7-9934-F146DB956339}
		{83BC39BA-F648-4DD0-88D5-00D158D81F9C} = {6C0C8626-4BC1-42C7-9934-F146DB956339}
		{5AC5858E-2EA1-45A4-999F-444959731B62} = {6C0C8626-4BC1-42C7-9934-F146DB956339}
		{F4F04BB9-6AA8-41EE-B091-030C336C4119} = {378C9CF2-DBC6-44C1-A3BB-3DD8A83EF717}
		{7E7FEEC6-787D-4C64-8DAC-06912BEFCBF8} = {70B335B7-8C4D-4FFD-8A68-340E955ABE49}
		{E3B4087B-DE13-45EA-AEC7-C97A7CD92E89} = {70B335B7-8C4D-4FFD-8A68-340E955ABE49}
		{8CD4D9F3-5BA4-4C85-A25A-B5CA0067D3CD} = {70B335B7-8C4D-4FFD-8A68-340E955ABE49}
		{470F7827-C40B-4E44-98CB-82ED211DBB8F} = {8CD4D9F3-5BA4-4C85-A25A-B5CA0067D3CD}
		{2CCF1677-6574-4B45-96FE-0E22D7E37015} = {8CD4D9F3-5BA4-4C85-A25A-B5CA0067D3CD}
		{344DD6BE-A75D-47A1-87A8-D6925952D5D9} = {E7281563-3D30-4EE7-BB6F-65329690E82A}
		{71435111-2559-48FF-AB18-05B61302FAA2} = {E7281563-3D30-4EE7-BB6F-65329690E82A}
		{0D880444-9C85-49B0-B0E9-8BE300887253} = {E7281563-3D30-4EE7-BB6F-65329690E82A}
		{95A68B30-241F-451F-8F38-71A8C19D4EBD} = {0C5D2032-CF9D-4D5A-A67A-C56D641F65C6}
	EndGlobalSection
EndGlobal
