
Microsoft Visual Studio Solution File, Format Version 12.00
# Visual Studio Version 17
VisualStudioVersion = 17.5.002.0
MinimumVisualStudioVersion = 10.0.40219.1
Project("{FAE04EC0-301F-11D3-BF4B-00C04F79EFBC}") = "mod1-ex6", "mod1-ex6\mod1-ex6.csproj", "{5FDFE08E-2636-4FA9-836B-752178D5238A}"
EndProject
Project("{FAE04EC0-301F-11D3-BF4B-00C04F79EFBC}") = "mod1-ex7", "mod1-ex7\mod1-ex7.csproj", "{18F57D46-28E5-4028-B4BD-7D944FDB105D}"
EndProject
Project("{FAE04EC0-301F-11D3-BF4B-00C04F79EFBC}") = "mod1-ex1", "mod1-ex1\mod1-ex1.csproj", "{4527F43A-1A3A-457F-AE2D-BED7811C7EFF}"
EndProject
Project("{FAE04EC0-301F-11D3-BF4B-00C04F79EFBC}") = "mod1-ex2", "mod1-ex2\mod1-ex2.csproj", "{8CCD7AA2-DA0D-4846-91F8-B0014090401B}"
EndProject
Project("{FAE04EC0-301F-11D3-BF4B-00C04F79EFBC}") = "mod1-ex3", "mod1-ex3\mod1-ex3.csproj", "{DD2D2D89-5073-48BE-863F-3B6F07A508BA}"
EndProject
Project("{FAE04EC0-301F-11D3-BF4B-00C04F79EFBC}") = "mod1-ex4", "mod1-ex4\mod1-ex4.csproj", "{E6BC1AE6-4BCC-48E7-8D9C-E23008F9A2AF}"
EndProject
Project("{FAE04EC0-301F-11D3-BF4B-00C04F79EFBC}") = "mod1-ex5", "mod1-ex5\mod1-ex5.csproj", "{0CCED238-593A-4349-AC84-C2E4FFF40CB9}"
EndProject
Project("{FAE04EC0-301F-11D3-BF4B-00C04F79EFBC}") = "mod1-ex8", "mod1-ex8\mod1-ex8.csproj", "{61900B2D-50F2-4082-BA8B-476FA693620E}"
EndProject
Project("{FAE04EC0-301F-11D3-BF4B-00C04F79EFBC}") = "mod1-ex9", "mod1-ex9\mod1-ex9.csproj", "{F847FAFD-7B14-407D-8A18-14DCFF2651A9}"
EndProject
Project("{FAE04EC0-301F-11D3-BF4B-00C04F79EFBC}") = "mod1-ex10", "mod1-ex10\mod1-ex10.csproj", "{B93B6F06-926D-4BF5-B765-ADDB52E994F5}"
EndProject
Project("{FAE04EC0-301F-11D3-BF4B-00C04F79EFBC}") = "mod1-ex11", "mod1-ex11\mod1-ex11.csproj", "{DE3CB909-F86C-45C6-BD7D-22A55A8FB2E2}"
EndProject
Project("{FAE04EC0-301F-11D3-BF4B-00C04F79EFBC}") = "mod2-ex1", "mod2-ex1\mod2-ex1.csproj", "{DA780C8A-37EB-4049-B56D-39B7DDB3F00E}"
EndProject
Project("{FAE04EC0-301F-11D3-BF4B-00C04F79EFBC}") = "mod2-ex2", "mod2-ex2\mod2-ex2.csproj", "{B0C87341-58C2-4924-BCF4-5BD229333CFE}"
EndProject
Global
	GlobalSection(SolutionConfigurationPlatforms) = preSolution
		Debug|Any CPU = Debug|Any CPU
		Release|Any CPU = Release|Any CPU
	EndGlobalSection
	GlobalSection(ProjectConfigurationPlatforms) = postSolution
		{5FDFE08E-2636-4FA9-836B-752178D5238A}.Debug|Any CPU.ActiveCfg = Debug|Any CPU
		{5FDFE08E-2636-4FA9-836B-752178D5238A}.Debug|Any CPU.Build.0 = Debug|Any CPU
		{5FDFE08E-2636-4FA9-836B-752178D5238A}.Release|Any CPU.ActiveCfg = Release|Any CPU
		{5FDFE08E-2636-4FA9-836B-752178D5238A}.Release|Any CPU.Build.0 = Release|Any CPU
		{18F57D46-28E5-4028-B4BD-7D944FDB105D}.Debug|Any CPU.ActiveCfg = Debug|Any CPU
		{18F57D46-28E5-4028-B4BD-7D944FDB105D}.Debug|Any CPU.Build.0 = Debug|Any CPU
		{18F57D46-28E5-4028-B4BD-7D944FDB105D}.Release|Any CPU.ActiveCfg = Release|Any CPU
		{18F57D46-28E5-4028-B4BD-7D944FDB105D}.Release|Any CPU.Build.0 = Release|Any CPU
		{4527F43A-1A3A-457F-AE2D-BED7811C7EFF}.Debug|Any CPU.ActiveCfg = Debug|Any CPU
		{4527F43A-1A3A-457F-AE2D-BED7811C7EFF}.Debug|Any CPU.Build.0 = Debug|Any CPU
		{4527F43A-1A3A-457F-AE2D-BED7811C7EFF}.Release|Any CPU.ActiveCfg = Release|Any CPU
		{4527F43A-1A3A-457F-AE2D-BED7811C7EFF}.Release|Any CPU.Build.0 = Release|Any CPU
		{8CCD7AA2-DA0D-4846-91F8-B0014090401B}.Debug|Any CPU.ActiveCfg = Debug|Any CPU
		{8CCD7AA2-DA0D-4846-91F8-B0014090401B}.Debug|Any CPU.Build.0 = Debug|Any CPU
		{8CCD7AA2-DA0D-4846-91F8-B0014090401B}.Release|Any CPU.ActiveCfg = Release|Any CPU
		{8CCD7AA2-DA0D-4846-91F8-B0014090401B}.Release|Any CPU.Build.0 = Release|Any CPU
		{DD2D2D89-5073-48BE-863F-3B6F07A508BA}.Debug|Any CPU.ActiveCfg = Debug|Any CPU
		{DD2D2D89-5073-48BE-863F-3B6F07A508BA}.Debug|Any CPU.Build.0 = Debug|Any CPU
		{DD2D2D89-5073-48BE-863F-3B6F07A508BA}.Release|Any CPU.ActiveCfg = Release|Any CPU
		{DD2D2D89-5073-48BE-863F-3B6F07A508BA}.Release|Any CPU.Build.0 = Release|Any CPU
		{E6BC1AE6-4BCC-48E7-8D9C-E23008F9A2AF}.Debug|Any CPU.ActiveCfg = Debug|Any CPU
		{E6BC1AE6-4BCC-48E7-8D9C-E23008F9A2AF}.Debug|Any CPU.Build.0 = Debug|Any CPU
		{E6BC1AE6-4BCC-48E7-8D9C-E23008F9A2AF}.Release|Any CPU.ActiveCfg = Release|Any CPU
		{E6BC1AE6-4BCC-48E7-8D9C-E23008F9A2AF}.Release|Any CPU.Build.0 = Release|Any CPU
		{0CCED238-593A-4349-AC84-C2E4FFF40CB9}.Debug|Any CPU.ActiveCfg = Debug|Any CPU
		{0CCED238-593A-4349-AC84-C2E4FFF40CB9}.Debug|Any CPU.Build.0 = Debug|Any CPU
		{0CCED238-593A-4349-AC84-C2E4FFF40CB9}.Release|Any CPU.ActiveCfg = Release|Any CPU
		{0CCED238-593A-4349-AC84-C2E4FFF40CB9}.Release|Any CPU.Build.0 = Release|Any CPU
		{61900B2D-50F2-4082-BA8B-476FA693620E}.Debug|Any CPU.ActiveCfg = Debug|Any CPU
		{61900B2D-50F2-4082-BA8B-476FA693620E}.Debug|Any CPU.Build.0 = Debug|Any CPU
		{61900B2D-50F2-4082-BA8B-476FA693620E}.Release|Any CPU.ActiveCfg = Release|Any CPU
		{61900B2D-50F2-4082-BA8B-476FA693620E}.Release|Any CPU.Build.0 = Release|Any CPU
		{F847FAFD-7B14-407D-8A18-14DCFF2651A9}.Debug|Any CPU.ActiveCfg = Debug|Any CPU
		{F847FAFD-7B14-407D-8A18-14DCFF2651A9}.Debug|Any CPU.Build.0 = Debug|Any CPU
		{F847FAFD-7B14-407D-8A18-14DCFF2651A9}.Release|Any CPU.ActiveCfg = Release|Any CPU
		{F847FAFD-7B14-407D-8A18-14DCFF2651A9}.Release|Any CPU.Build.0 = Release|Any CPU
		{B93B6F06-926D-4BF5-B765-ADDB52E994F5}.Debug|Any CPU.ActiveCfg = Debug|Any CPU
		{B93B6F06-926D-4BF5-B765-ADDB52E994F5}.Debug|Any CPU.Build.0 = Debug|Any CPU
		{B93B6F06-926D-4BF5-B765-ADDB52E994F5}.Release|Any CPU.ActiveCfg = Release|Any CPU
		{B93B6F06-926D-4BF5-B765-ADDB52E994F5}.Release|Any CPU.Build.0 = Release|Any CPU
		{DE3CB909-F86C-45C6-BD7D-22A55A8FB2E2}.Debug|Any CPU.ActiveCfg = Debug|Any CPU
		{DE3CB909-F86C-45C6-BD7D-22A55A8FB2E2}.Debug|Any CPU.Build.0 = Debug|Any CPU
		{DE3CB909-F86C-45C6-BD7D-22A55A8FB2E2}.Release|Any CPU.ActiveCfg = Release|Any CPU
		{DE3CB909-F86C-45C6-BD7D-22A55A8FB2E2}.Release|Any CPU.Build.0 = Release|Any CPU
		{DA780C8A-37EB-4049-B56D-39B7DDB3F00E}.Debug|Any CPU.ActiveCfg = Debug|Any CPU
		{DA780C8A-37EB-4049-B56D-39B7DDB3F00E}.Debug|Any CPU.Build.0 = Debug|Any CPU
		{DA780C8A-37EB-4049-B56D-39B7DDB3F00E}.Release|Any CPU.ActiveCfg = Release|Any CPU
		{DA780C8A-37EB-4049-B56D-39B7DDB3F00E}.Release|Any CPU.Build.0 = Release|Any CPU
		{B0C87341-58C2-4924-BCF4-5BD229333CFE}.Debug|Any CPU.ActiveCfg = Debug|Any CPU
		{B0C87341-58C2-4924-BCF4-5BD229333CFE}.Debug|Any CPU.Build.0 = Debug|Any CPU
		{B0C87341-58C2-4924-BCF4-5BD229333CFE}.Release|Any CPU.ActiveCfg = Release|Any CPU
		{B0C87341-58C2-4924-BCF4-5BD229333CFE}.Release|Any CPU.Build.0 = Release|Any CPU
	EndGlobalSection
	GlobalSection(SolutionProperties) = preSolution
		HideSolutionNode = FALSE
	EndGlobalSection
	GlobalSection(ExtensibilityGlobals) = postSolution
		SolutionGuid = {620D04A0-C909-401B-AF9B-1E4273A89AC7}
	EndGlobalSection
EndGlobal
